
Microsoft Visual Studio Solution File, Format Version 12.00
# Visual Studio Version 17
VisualStudioVersion = 17.1.32228.430
MinimumVisualStudioVersion = 10.0.40219.1
Project("{FAE04EC0-301F-11D3-BF4B-00C04F79EFBC}") = "ElementTesting", "ElementTesting\ElementTesting.csproj", "{815163FB-07B1-4304-BB4F-0F0DDDF47717}"
EndProject
Project("{FAE04EC0-301F-11D3-BF4B-00C04F79EFBC}") = "DemoQASite", "..\DemoQASite\DemoQASite\DemoQASite.csproj", "{22C406C1-2A69-48E5-A4F4-3DC45A3397E1}"
EndProject
Global
	GlobalSection(SolutionConfigurationPlatforms) = preSolution
		Debug|Any CPU = Debug|Any CPU
		Release|Any CPU = Release|Any CPU
	EndGlobalSection
	GlobalSection(ProjectConfigurationPlatforms) = postSolution
		{815163FB-07B1-4304-BB4F-0F0DDDF47717}.Debug|Any CPU.ActiveCfg = Debug|Any CPU
		{815163FB-07B1-4304-BB4F-0F0DDDF47717}.Debug|Any CPU.Build.0 = Debug|Any CPU
		{815163FB-07B1-4304-BB4F-0F0DDDF47717}.Release|Any CPU.ActiveCfg = Release|Any CPU
		{815163FB-07B1-4304-BB4F-0F0DDDF47717}.Release|Any CPU.Build.0 = Release|Any CPU
		{22C406C1-2A69-48E5-A4F4-3DC45A3397E1}.Debug|Any CPU.ActiveCfg = Debug|Any CPU
		{22C406C1-2A69-48E5-A4F4-3DC45A3397E1}.Debug|Any CPU.Build.0 = Debug|Any CPU
		{22C406C1-2A69-48E5-A4F4-3DC45A3397E1}.Release|Any CPU.ActiveCfg = Release|Any CPU
		{22C406C1-2A69-48E5-A4F4-3DC45A3397E1}.Release|Any CPU.Build.0 = Release|Any CPU
	EndGlobalSection
	GlobalSection(SolutionProperties) = preSolution
		HideSolutionNode = FALSE
	EndGlobalSection
	GlobalSection(ExtensibilityGlobals) = postSolution
		SolutionGuid = {BA168D57-E484-42D8-BEA7-2A89DBD500BE}
	EndGlobalSection
EndGlobal
